
Microsoft Visual Studio Solution File, Format Version 12.00
# Visual Studio Version 17
VisualStudioVersion = 17.2.32630.192
MinimumVisualStudioVersion = 10.0.40219.1
Project("{FAE04EC0-301F-11D3-BF4B-00C04F79EFBC}") = "CustomerHealthRegister", "CustomerHealthCheck\CustomerHealthRegister.csproj", "{C220E8BC-34D5-44C4-A4DE-15CD5F804EA8}"
	ProjectSection(ProjectDependencies) = postProject
		{A6C89CF8-4889-459D-96BA-064709E2C95A} = {A6C89CF8-4889-459D-96BA-064709E2C95A}
	EndProjectSection
EndProject
Project("{FAE04EC0-301F-11D3-BF4B-00C04F79EFBC}") = "CustomerHealthController", "CustomerHealthController\CustomerHealthController.csproj", "{A6C89CF8-4889-459D-96BA-064709E2C95A}"
EndProject
Project("{2150E333-8FDC-42A3-9474-1A3956D46DE8}") = "01.3.HealthCheck", "01.3.HealthCheck", "{31CE776E-F2AB-4404-B436-65405826FA8F}"
EndProject
Project("{2150E333-8FDC-42A3-9474-1A3956D46DE8}") = "03.BusinessLayer", "03.BusinessLayer", "{6B0677A1-F0C0-435B-A7B4-A84BE0E75447}"
EndProject
Project("{2150E333-8FDC-42A3-9474-1A3956D46DE8}") = "04.DataaccessLayer", "04.DataaccessLayer", "{D57C10E1-C657-4D2C-ACE2-07AA9AD3CB90}"
EndProject
Project("{2150E333-8FDC-42A3-9474-1A3956D46DE8}") = "05.UtilityHelper", "05.UtilityHelper", "{FA64DE26-625D-40E9-A357-B17D6EC7600C}"
EndProject
Project("{FAE04EC0-301F-11D3-BF4B-00C04F79EFBC}") = "BLL", "BLL\BLL.csproj", "{CDB0D167-F074-43FD-994D-44EA40BCA46C}"
EndProject
Project("{FAE04EC0-301F-11D3-BF4B-00C04F79EFBC}") = "DAL", "DAL\DAL.csproj", "{0FD5C801-6260-4640-8206-6FBA1555DA75}"
EndProject
Project("{FAE04EC0-301F-11D3-BF4B-00C04F79EFBC}") = "Utility", "Utility\Utility.csproj", "{9F3E3ECE-C742-431F-860C-7AA07A76EAA2}"
EndProject
Project("{FAE04EC0-301F-11D3-BF4B-00C04F79EFBC}") = "DataModel", "DataModel\DataModel.csproj", "{6247623E-16B8-4C9B-B9C8-0D9A417B525F}"
EndProject
Project("{FAE04EC0-301F-11D3-BF4B-00C04F79EFBC}") = "CustomerHealthCheckPortal", "CustomerHealthCheckPortal\CustomerHealthCheckPortal.csproj", "{D709C6AC-8E3F-42B7-BAD1-6A95FD1A2DF3}"
	ProjectSection(ProjectDependencies) = postProject
		{A6C89CF8-4889-459D-96BA-064709E2C95A} = {A6C89CF8-4889-459D-96BA-064709E2C95A}
	EndProjectSection
EndProject
Project("{FAE04EC0-301F-11D3-BF4B-00C04F79EFBC}") = "CustomerHealthCheckService", "CustomerHealthCheckService\CustomerHealthCheckService.csproj", "{9BAF00B2-0DE3-4C2C-9AE7-C3EAFF75C4DB}"
EndProject
Project("{FAE04EC0-301F-11D3-BF4B-00C04F79EFBC}") = "CustomerHealthControl", "CustomerHealthControl\CustomerHealthControl.csproj", "{6EFBBA78-6311-4AAA-984B-E34C0EC98E89}"
EndProject
Project("{FAE04EC0-301F-11D3-BF4B-00C04F79EFBC}") = "CustomerHealthDataAccess", "CustomerHealthDataAccess\CustomerHealthDataAccess.csproj", "{A0056A99-495A-426B-B3F5-64BDA32F05AC}"
EndProject
Project("{FAE04EC0-301F-11D3-BF4B-00C04F79EFBC}") = "CustomerHealthModel", "CustomerHealthModel\CustomerHealthModel.csproj", "{A2F70E67-C71F-49DC-874E-25BC13F80F75}"
EndProject
Project("{FAE04EC0-301F-11D3-BF4B-00C04F79EFBC}") = "TCGUtility", "TCGUtility\TCGUtility.csproj", "{370934AB-7DE3-4F4B-B206-6643C3F70EB4}"
EndProject
Project("{2150E333-8FDC-42A3-9474-1A3956D46DE8}") = "01.1.LinePortal", "01.1.LinePortal", "{7F0D3BFA-9D7E-4E6C-998C-A3E4F1F4B431}"
EndProject
Project("{2150E333-8FDC-42A3-9474-1A3956D46DE8}") = "02.Service Layer", "02.Service Layer", "{2340EA70-A1F2-41D4-B1CD-ED6A4B769EF8}"
EndProject
Project("{2150E333-8FDC-42A3-9474-1A3956D46DE8}") = "01.4.S14B", "01.4.S14B", "{17B96DEC-7D09-48CC-8772-3760D18A8DF8}"
EndProject
Project("{FAE04EC0-301F-11D3-BF4B-00C04F79EFBC}") = "LineOABackend", "LineOABackend\LineOABackend.csproj", "{18C46E96-A7ED-465D-9825-3A4F93F3FAF4}"
EndProject
Project("{2150E333-8FDC-42A3-9474-1A3956D46DE8}") = "01.4.Directly", "01.4.Directly", "{B2E84445-CA48-46E2-ACB4-F0FB576C372C}"
EndProject
Project("{FAE04EC0-301F-11D3-BF4B-00C04F79EFBC}") = "Directly", "Directly\Directly.csproj", "{1DD4BD71-E5E9-4A17-900F-7AB8082F2B26}"
EndProject
Project("{FAE04EC0-301F-11D3-BF4B-00C04F79EFBC}") = "LineOASafeGuard", "LineOASafeGuard\LineOASafeGuard.csproj", "{C4E0DD57-D3EA-4650-B9C6-E82C27C65C77}"
EndProject
Project("{FAE04EC0-301F-11D3-BF4B-00C04F79EFBC}") = "RealTimeReportApp", "RealTimeReportApp\RealTimeReportApp.csproj", "{430CB3DF-7E6E-416C-80AB-EDFB416549AC}"
EndProject
Global
	GlobalSection(SolutionConfigurationPlatforms) = preSolution
		Debug|Any CPU = Debug|Any CPU
		Release|Any CPU = Release|Any CPU
	EndGlobalSection
	GlobalSection(ProjectConfigurationPlatforms) = postSolution
		{C220E8BC-34D5-44C4-A4DE-15CD5F804EA8}.Debug|Any CPU.ActiveCfg = Debug|Any CPU
		{C220E8BC-34D5-44C4-A4DE-15CD5F804EA8}.Debug|Any CPU.Build.0 = Debug|Any CPU
		{C220E8BC-34D5-44C4-A4DE-15CD5F804EA8}.Release|Any CPU.ActiveCfg = Release|Any CPU
		{C220E8BC-34D5-44C4-A4DE-15CD5F804EA8}.Release|Any CPU.Build.0 = Release|Any CPU
		{A6C89CF8-4889-459D-96BA-064709E2C95A}.Debug|Any CPU.ActiveCfg = Debug|Any CPU
		{A6C89CF8-4889-459D-96BA-064709E2C95A}.Debug|Any CPU.Build.0 = Debug|Any CPU
		{A6C89CF8-4889-459D-96BA-064709E2C95A}.Release|Any CPU.ActiveCfg = Release|Any CPU
		{A6C89CF8-4889-459D-96BA-064709E2C95A}.Release|Any CPU.Build.0 = Release|Any CPU
		{CDB0D167-F074-43FD-994D-44EA40BCA46C}.Debug|Any CPU.ActiveCfg = Debug|Any CPU
		{CDB0D167-F074-43FD-994D-44EA40BCA46C}.Debug|Any CPU.Build.0 = Debug|Any CPU
		{CDB0D167-F074-43FD-994D-44EA40BCA46C}.Release|Any CPU.ActiveCfg = Release|Any CPU
		{CDB0D167-F074-43FD-994D-44EA40BCA46C}.Release|Any CPU.Build.0 = Release|Any CPU
		{0FD5C801-6260-4640-8206-6FBA1555DA75}.Debug|Any CPU.ActiveCfg = Debug|Any CPU
		{0FD5C801-6260-4640-8206-6FBA1555DA75}.Debug|Any CPU.Build.0 = Debug|Any CPU
		{0FD5C801-6260-4640-8206-6FBA1555DA75}.Release|Any CPU.ActiveCfg = Release|Any CPU
		{0FD5C801-6260-4640-8206-6FBA1555DA75}.Release|Any CPU.Build.0 = Release|Any CPU
		{9F3E3ECE-C742-431F-860C-7AA07A76EAA2}.Debug|Any CPU.ActiveCfg = Debug|Any CPU
		{9F3E3ECE-C742-431F-860C-7AA07A76EAA2}.Debug|Any CPU.Build.0 = Debug|Any CPU
		{9F3E3ECE-C742-431F-860C-7AA07A76EAA2}.Release|Any CPU.ActiveCfg = Release|Any CPU
		{9F3E3ECE-C742-431F-860C-7AA07A76EAA2}.Release|Any CPU.Build.0 = Release|Any CPU
		{6247623E-16B8-4C9B-B9C8-0D9A417B525F}.Debug|Any CPU.ActiveCfg = Debug|Any CPU
		{6247623E-16B8-4C9B-B9C8-0D9A417B525F}.Debug|Any CPU.Build.0 = Debug|Any CPU
		{6247623E-16B8-4C9B-B9C8-0D9A417B525F}.Release|Any CPU.ActiveCfg = Release|Any CPU
		{6247623E-16B8-4C9B-B9C8-0D9A417B525F}.Release|Any CPU.Build.0 = Release|Any CPU
		{D709C6AC-8E3F-42B7-BAD1-6A95FD1A2DF3}.Debug|Any CPU.ActiveCfg = Debug|Any CPU
		{D709C6AC-8E3F-42B7-BAD1-6A95FD1A2DF3}.Debug|Any CPU.Build.0 = Debug|Any CPU
		{D709C6AC-8E3F-42B7-BAD1-6A95FD1A2DF3}.Release|Any CPU.ActiveCfg = Release|Any CPU
		{D709C6AC-8E3F-42B7-BAD1-6A95FD1A2DF3}.Release|Any CPU.Build.0 = Release|Any CPU
		{9BAF00B2-0DE3-4C2C-9AE7-C3EAFF75C4DB}.Debug|Any CPU.ActiveCfg = Debug|Any CPU
		{9BAF00B2-0DE3-4C2C-9AE7-C3EAFF75C4DB}.Debug|Any CPU.Build.0 = Debug|Any CPU
		{9BAF00B2-0DE3-4C2C-9AE7-C3EAFF75C4DB}.Release|Any CPU.ActiveCfg = Release|Any CPU
		{9BAF00B2-0DE3-4C2C-9AE7-C3EAFF75C4DB}.Release|Any CPU.Build.0 = Release|Any CPU
		{6EFBBA78-6311-4AAA-984B-E34C0EC98E89}.Debug|Any CPU.ActiveCfg = Debug|Any CPU
		{6EFBBA78-6311-4AAA-984B-E34C0EC98E89}.Debug|Any CPU.Build.0 = Debug|Any CPU
		{6EFBBA78-6311-4AAA-984B-E34C0EC98E89}.Release|Any CPU.ActiveCfg = Release|Any CPU
		{6EFBBA78-6311-4AAA-984B-E34C0EC98E89}.Release|Any CPU.Build.0 = Release|Any CPU
		{A0056A99-495A-426B-B3F5-64BDA32F05AC}.Debug|Any CPU.ActiveCfg = Debug|Any CPU
		{A0056A99-495A-426B-B3F5-64BDA32F05AC}.Debug|Any CPU.Build.0 = Debug|Any CPU
		{A0056A99-495A-426B-B3F5-64BDA32F05AC}.Release|Any CPU.ActiveCfg = Release|Any CPU
		{A0056A99-495A-426B-B3F5-64BDA32F05AC}.Release|Any CPU.Build.0 = Release|Any CPU
		{A2F70E67-C71F-49DC-874E-25BC13F80F75}.Debug|Any CPU.ActiveCfg = Debug|Any CPU
		{A2F70E67-C71F-49DC-874E-25BC13F80F75}.Debug|Any CPU.Build.0 = Debug|Any CPU
		{A2F70E67-C71F-49DC-874E-25BC13F80F75}.Release|Any CPU.ActiveCfg = Release|Any CPU
		{A2F70E67-C71F-49DC-874E-25BC13F80F75}.Release|Any CPU.Build.0 = Release|Any CPU
		{370934AB-7DE3-4F4B-B206-6643C3F70EB4}.Debug|Any CPU.ActiveCfg = Debug|Any CPU
		{370934AB-7DE3-4F4B-B206-6643C3F70EB4}.Debug|Any CPU.Build.0 = Debug|Any CPU
		{370934AB-7DE3-4F4B-B206-6643C3F70EB4}.Release|Any CPU.ActiveCfg = Release|Any CPU
		{370934AB-7DE3-4F4B-B206-6643C3F70EB4}.Release|Any CPU.Build.0 = Release|Any CPU
		{18C46E96-A7ED-465D-9825-3A4F93F3FAF4}.Debug|Any CPU.ActiveCfg = Debug|Any CPU
		{18C46E96-A7ED-465D-9825-3A4F93F3FAF4}.Debug|Any CPU.Build.0 = Debug|Any CPU
		{18C46E96-A7ED-465D-9825-3A4F93F3FAF4}.Release|Any CPU.ActiveCfg = Release|Any CPU
		{18C46E96-A7ED-465D-9825-3A4F93F3FAF4}.Release|Any CPU.Build.0 = Release|Any CPU
		{1DD4BD71-E5E9-4A17-900F-7AB8082F2B26}.Debug|Any CPU.ActiveCfg = Debug|Any CPU
		{1DD4BD71-E5E9-4A17-900F-7AB8082F2B26}.Debug|Any CPU.Build.0 = Debug|Any CPU
		{1DD4BD71-E5E9-4A17-900F-7AB8082F2B26}.Release|Any CPU.ActiveCfg = Release|Any CPU
		{1DD4BD71-E5E9-4A17-900F-7AB8082F2B26}.Release|Any CPU.Build.0 = Release|Any CPU
		{C4E0DD57-D3EA-4650-B9C6-E82C27C65C77}.Debug|Any CPU.ActiveCfg = Debug|Any CPU
		{C4E0DD57-D3EA-4650-B9C6-E82C27C65C77}.Debug|Any CPU.Build.0 = Debug|Any CPU
		{C4E0DD57-D3EA-4650-B9C6-E82C27C65C77}.Release|Any CPU.ActiveCfg = Release|Any CPU
		{C4E0DD57-D3EA-4650-B9C6-E82C27C65C77}.Release|Any CPU.Build.0 = Release|Any CPU
		{430CB3DF-7E6E-416C-80AB-EDFB416549AC}.Debug|Any CPU.ActiveCfg = Debug|Any CPU
		{430CB3DF-7E6E-416C-80AB-EDFB416549AC}.Debug|Any CPU.Build.0 = Debug|Any CPU
		{430CB3DF-7E6E-416C-80AB-EDFB416549AC}.Release|Any CPU.ActiveCfg = Release|Any CPU
		{430CB3DF-7E6E-416C-80AB-EDFB416549AC}.Release|Any CPU.Build.0 = Release|Any CPU
	EndGlobalSection
	GlobalSection(SolutionProperties) = preSolution
		HideSolutionNode = FALSE
	EndGlobalSection
	GlobalSection(NestedProjects) = preSolution
		{C220E8BC-34D5-44C4-A4DE-15CD5F804EA8} = {31CE776E-F2AB-4404-B436-65405826FA8F}
		{A6C89CF8-4889-459D-96BA-064709E2C95A} = {31CE776E-F2AB-4404-B436-65405826FA8F}
		{CDB0D167-F074-43FD-994D-44EA40BCA46C} = {6B0677A1-F0C0-435B-A7B4-A84BE0E75447}
		{0FD5C801-6260-4640-8206-6FBA1555DA75} = {D57C10E1-C657-4D2C-ACE2-07AA9AD3CB90}
		{9F3E3ECE-C742-431F-860C-7AA07A76EAA2} = {FA64DE26-625D-40E9-A357-B17D6EC7600C}
		{6247623E-16B8-4C9B-B9C8-0D9A417B525F} = {D57C10E1-C657-4D2C-ACE2-07AA9AD3CB90}
		{D709C6AC-8E3F-42B7-BAD1-6A95FD1A2DF3} = {7F0D3BFA-9D7E-4E6C-998C-A3E4F1F4B431}
		{9BAF00B2-0DE3-4C2C-9AE7-C3EAFF75C4DB} = {2340EA70-A1F2-41D4-B1CD-ED6A4B769EF8}
		{6EFBBA78-6311-4AAA-984B-E34C0EC98E89} = {6B0677A1-F0C0-435B-A7B4-A84BE0E75447}
		{A0056A99-495A-426B-B3F5-64BDA32F05AC} = {D57C10E1-C657-4D2C-ACE2-07AA9AD3CB90}
		{A2F70E67-C71F-49DC-874E-25BC13F80F75} = {D57C10E1-C657-4D2C-ACE2-07AA9AD3CB90}
		{370934AB-7DE3-4F4B-B206-6643C3F70EB4} = {FA64DE26-625D-40E9-A357-B17D6EC7600C}
		{18C46E96-A7ED-465D-9825-3A4F93F3FAF4} = {7F0D3BFA-9D7E-4E6C-998C-A3E4F1F4B431}
		{1DD4BD71-E5E9-4A17-900F-7AB8082F2B26} = {B2E84445-CA48-46E2-ACB4-F0FB576C372C}
		{C4E0DD57-D3EA-4650-B9C6-E82C27C65C77} = {7F0D3BFA-9D7E-4E6C-998C-A3E4F1F4B431}
		{430CB3DF-7E6E-416C-80AB-EDFB416549AC} = {7F0D3BFA-9D7E-4E6C-998C-A3E4F1F4B431}
	EndGlobalSection
	GlobalSection(ExtensibilityGlobals) = postSolution
		SolutionGuid = {C4DCF3E9-6FD6-4EAF-BB3B-EADA5FA67028}
	EndGlobalSection
EndGlobal
